
Microsoft Visual Studio Solution File, Format Version 12.00
# Visual Studio Version 16
VisualStudioVersion = 16.0.29613.14
MinimumVisualStudioVersion = 10.0.40219.1
Project("{9A19103F-16F7-4668-BE54-9A1E7A4F7556}") = "Plaid", "src\Plaid\Plaid.csproj", "{D9080ED3-10BA-4CCF-A6A6-203B7E92459B}"
EndProject
Project("{2150E333-8FDC-42A3-9474-1A3956D46DE8}") = ".root", ".root", "{5B75FA3C-948A-452C-B57A-74423429A422}"
	ProjectSection(SolutionItems) = preProject
		.editorconfig = .editorconfig
		.gitignore = .gitignore
		appveyor.yml = appveyor.yml
		README.md = README.md
	EndProjectSection
EndProject
Project("{2150E333-8FDC-42A3-9474-1A3956D46DE8}") = "Tests", "Tests", "{D79CDC6A-E826-4BF5-AB5B-E8A842658BD3}"
EndProject
Global
	GlobalSection(SolutionConfigurationPlatforms) = preSolution
		Debug|Any CPU = Debug|Any CPU
		Release|Any CPU = Release|Any CPU
	EndGlobalSection
	GlobalSection(ProjectConfigurationPlatforms) = postSolution
		{D9080ED3-10BA-4CCF-A6A6-203B7E92459B}.Debug|Any CPU.ActiveCfg = Debug|Any CPU
		{D9080ED3-10BA-4CCF-A6A6-203B7E92459B}.Debug|Any CPU.Build.0 = Debug|Any CPU
		{D9080ED3-10BA-4CCF-A6A6-203B7E92459B}.Release|Any CPU.ActiveCfg = Release|Any CPU
		{D9080ED3-10BA-4CCF-A6A6-203B7E92459B}.Release|Any CPU.Build.0 = Release|Any CPU
	EndGlobalSection
	GlobalSection(SolutionProperties) = preSolution
		HideSolutionNode = FALSE
	EndGlobalSection
	GlobalSection(ExtensibilityGlobals) = postSolution
		SolutionGuid = {68A7DB6B-02B6-443C-B34F-F74DE59FE7D6}
	EndGlobalSection
EndGlobal
