
Microsoft Visual Studio Solution File, Format Version 12.00
# Visual Studio Version 17
VisualStudioVersion = 17.0.31612.314
MinimumVisualStudioVersion = 10.0.40219.1
Project("{9A19103F-16F7-4668-BE54-9A1E7A4F7556}") = "Plaid", "src\Plaid\Plaid.csproj", "{D9080ED3-10BA-4CCF-A6A6-203B7E92459B}"
EndProject
Project("{2150E333-8FDC-42A3-9474-1A3956D46DE8}") = ".root", ".root", "{5B75FA3C-948A-452C-B57A-74423429A422}"
	ProjectSection(SolutionItems) = preProject
		.editorconfig = .editorconfig
		.gitignore = .gitignore
		plaid-openapi\2020-09-14.yml = plaid-openapi\2020-09-14.yml
		.github\workflows\build.yml = .github\workflows\build.yml
		README.md = README.md
	EndProjectSection
EndProject
Project("{2150E333-8FDC-42A3-9474-1A3956D46DE8}") = "Tests", "Tests", "{D79CDC6A-E826-4BF5-AB5B-E8A842658BD3}"
EndProject
Project("{2150E333-8FDC-42A3-9474-1A3956D46DE8}") = "Source", "Source", "{839FCE9A-04DD-4D26-8C4F-CD99BC7CA59B}"
EndProject
Project("{9A19103F-16F7-4668-BE54-9A1E7A4F7556}") = "Plaid.Tests", "tests\Plaid.Tests\Plaid.Tests.csproj", "{055E6916-EDC1-461C-8E11-3BED1FEB7E96}"
EndProject
Project("{9A19103F-16F7-4668-BE54-9A1E7A4F7556}") = "Plaid.Demo", "tests\Plaid.Demo\Plaid.Demo.csproj", "{0845CBE6-C6F2-407F-88C1-8806DBB8BD37}"
EndProject
Project("{9A19103F-16F7-4668-BE54-9A1E7A4F7556}") = "Plaid.OpenApiParser", "src\Plaid.OpenApiParser\Plaid.OpenApiParser.csproj", "{39480CEF-4B7F-43AF-90DB-394B520BFF06}"
EndProject
Global
	GlobalSection(SolutionConfigurationPlatforms) = preSolution
		Debug|Any CPU = Debug|Any CPU
		Release|Any CPU = Release|Any CPU
	EndGlobalSection
	GlobalSection(ProjectConfigurationPlatforms) = postSolution
		{D9080ED3-10BA-4CCF-A6A6-203B7E92459B}.Debug|Any CPU.ActiveCfg = Debug|Any CPU
		{D9080ED3-10BA-4CCF-A6A6-203B7E92459B}.Debug|Any CPU.Build.0 = Debug|Any CPU
		{D9080ED3-10BA-4CCF-A6A6-203B7E92459B}.Release|Any CPU.ActiveCfg = Release|Any CPU
		{D9080ED3-10BA-4CCF-A6A6-203B7E92459B}.Release|Any CPU.Build.0 = Release|Any CPU
		{055E6916-EDC1-461C-8E11-3BED1FEB7E96}.Debug|Any CPU.ActiveCfg = Debug|Any CPU
		{055E6916-EDC1-461C-8E11-3BED1FEB7E96}.Debug|Any CPU.Build.0 = Debug|Any CPU
		{055E6916-EDC1-461C-8E11-3BED1FEB7E96}.Release|Any CPU.ActiveCfg = Release|Any CPU
		{055E6916-EDC1-461C-8E11-3BED1FEB7E96}.Release|Any CPU.Build.0 = Release|Any CPU
		{0845CBE6-C6F2-407F-88C1-8806DBB8BD37}.Debug|Any CPU.ActiveCfg = Debug|Any CPU
		{0845CBE6-C6F2-407F-88C1-8806DBB8BD37}.Debug|Any CPU.Build.0 = Debug|Any CPU
		{0845CBE6-C6F2-407F-88C1-8806DBB8BD37}.Release|Any CPU.ActiveCfg = Release|Any CPU
		{0845CBE6-C6F2-407F-88C1-8806DBB8BD37}.Release|Any CPU.Build.0 = Release|Any CPU
		{39480CEF-4B7F-43AF-90DB-394B520BFF06}.Debug|Any CPU.ActiveCfg = Debug|Any CPU
		{39480CEF-4B7F-43AF-90DB-394B520BFF06}.Debug|Any CPU.Build.0 = Debug|Any CPU
		{39480CEF-4B7F-43AF-90DB-394B520BFF06}.Release|Any CPU.ActiveCfg = Release|Any CPU
		{39480CEF-4B7F-43AF-90DB-394B520BFF06}.Release|Any CPU.Build.0 = Release|Any CPU
	EndGlobalSection
	GlobalSection(SolutionProperties) = preSolution
		HideSolutionNode = FALSE
	EndGlobalSection
	GlobalSection(NestedProjects) = preSolution
		{D9080ED3-10BA-4CCF-A6A6-203B7E92459B} = {839FCE9A-04DD-4D26-8C4F-CD99BC7CA59B}
		{055E6916-EDC1-461C-8E11-3BED1FEB7E96} = {D79CDC6A-E826-4BF5-AB5B-E8A842658BD3}
		{0845CBE6-C6F2-407F-88C1-8806DBB8BD37} = {D79CDC6A-E826-4BF5-AB5B-E8A842658BD3}
		{39480CEF-4B7F-43AF-90DB-394B520BFF06} = {839FCE9A-04DD-4D26-8C4F-CD99BC7CA59B}
	EndGlobalSection
	GlobalSection(ExtensibilityGlobals) = postSolution
		SolutionGuid = {68A7DB6B-02B6-443C-B34F-F74DE59FE7D6}
	EndGlobalSection
EndGlobal
