
Microsoft Visual Studio Solution File, Format Version 12.00
# Visual Studio 14
VisualStudioVersion = 14.0.25123.0
MinimumVisualStudioVersion = 10.0.40219.1
Project("{FAE04EC0-301F-11D3-BF4B-00C04F79EFBC}") = "Plaid.Core", "Plaid.Core\Plaid.Core.csproj", "{337419DD-80F4-4F4A-BD8C-B0A00DBC3708}"
EndProject
Project("{2150E333-8FDC-42A3-9474-1A3956D46DE8}") = "Tests", "Tests", "{D0F38C7A-0A3A-4C2F-AF21-D93CCE314FFA}"
EndProject
Project("{FAE04EC0-301F-11D3-BF4B-00C04F79EFBC}") = "Tests.Plaid", "Tests.Plaid\Tests.Plaid.csproj", "{F246F002-A93E-49C0-A369-F105124196AD}"
EndProject
Global
	GlobalSection(SolutionConfigurationPlatforms) = preSolution
		Debug|Any CPU = Debug|Any CPU
		Release|Any CPU = Release|Any CPU
	EndGlobalSection
	GlobalSection(ProjectConfigurationPlatforms) = postSolution
		{337419DD-80F4-4F4A-BD8C-B0A00DBC3708}.Debug|Any CPU.ActiveCfg = Debug|Any CPU
		{337419DD-80F4-4F4A-BD8C-B0A00DBC3708}.Debug|Any CPU.Build.0 = Debug|Any CPU
		{337419DD-80F4-4F4A-BD8C-B0A00DBC3708}.Release|Any CPU.ActiveCfg = Release|Any CPU
		{337419DD-80F4-4F4A-BD8C-B0A00DBC3708}.Release|Any CPU.Build.0 = Release|Any CPU
		{F246F002-A93E-49C0-A369-F105124196AD}.Debug|Any CPU.ActiveCfg = Debug|Any CPU
		{F246F002-A93E-49C0-A369-F105124196AD}.Debug|Any CPU.Build.0 = Debug|Any CPU
		{F246F002-A93E-49C0-A369-F105124196AD}.Release|Any CPU.ActiveCfg = Release|Any CPU
		{F246F002-A93E-49C0-A369-F105124196AD}.Release|Any CPU.Build.0 = Release|Any CPU
	EndGlobalSection
	GlobalSection(SolutionProperties) = preSolution
		HideSolutionNode = FALSE
	EndGlobalSection
	GlobalSection(NestedProjects) = preSolution
		{F246F002-A93E-49C0-A369-F105124196AD} = {D0F38C7A-0A3A-4C2F-AF21-D93CCE314FFA}
	EndGlobalSection
EndGlobal
